
Microsoft Visual Studio Solution File, Format Version 12.00
# Visual Studio Version 16
VisualStudioVersion = 16.0.30717.126
MinimumVisualStudioVersion = 10.0.40219.1
Project("{FAE04EC0-301F-11D3-BF4B-00C04F79EFBC}") = "CineSaltoDeFe", "CineSaltoDeFe\CineSaltoDeFe.csproj", "{605C1BDB-D17A-4C91-888D-B7405B2FF671}"
EndProject
Global
	GlobalSection(SolutionConfigurationPlatforms) = preSolution
		Debug|Any CPU = Debug|Any CPU
		Release|Any CPU = Release|Any CPU
	EndGlobalSection
	GlobalSection(ProjectConfigurationPlatforms) = postSolution
		{605C1BDB-D17A-4C91-888D-B7405B2FF671}.Debug|Any CPU.ActiveCfg = Debug|Any CPU
		{605C1BDB-D17A-4C91-888D-B7405B2FF671}.Debug|Any CPU.Build.0 = Debug|Any CPU
		{605C1BDB-D17A-4C91-888D-B7405B2FF671}.Release|Any CPU.ActiveCfg = Release|Any CPU
		{605C1BDB-D17A-4C91-888D-B7405B2FF671}.Release|Any CPU.Build.0 = Release|Any CPU
	EndGlobalSection
	GlobalSection(SolutionProperties) = preSolution
		HideSolutionNode = FALSE
	EndGlobalSection
	GlobalSection(ExtensibilityGlobals) = postSolution
		SolutionGuid = {840BBA4A-4525-48B2-8C41-1F943D85C4EB}
	EndGlobalSection
EndGlobal
